lockfileVersion: 5.4

specifiers:
  '@aws-sdk/client-lambda': ^3.180.0
  '@types/aws-lambda': ^8.10.106
  '@types/node': ^18.7.23
  esbuild: ^0.15.9

dependencies:
  '@aws-sdk/client-lambda': 3.180.0

devDependencies:
  '@types/aws-lambda': 8.10.106
  '@types/node': 18.7.23
  esbuild: 0.15.9

packages:

  /@aws-crypto/ie11-detection/2.0.2:
    resolution: {integrity: sha512-5XDMQY98gMAf/WRTic5G++jfmS/VLM0rwpiOpaainKi4L0nqWMSB1SzsrEG5rjFZGYN6ZAefO+/Yta2dFM0kMw==}
    dependencies:
      tslib: 1.14.1
    dev: false

  /@aws-crypto/sha256-browser/2.0.0:
    resolution: {integrity: sha512-rYXOQ8BFOaqMEHJrLHul/25ckWH6GTJtdLSajhlqGMx0PmSueAuvboCuZCTqEKlxR8CQOwRarxYMZZSYlhRA1A==}
    dependencies:
      '@aws-crypto/ie11-detection': 2.0.2
      '@aws-crypto/sha256-js': 2.0.0
      '@aws-crypto/supports-web-crypto': 2.0.2
      '@aws-crypto/util': 2.0.2
      '@aws-sdk/types': 3.178.0
      '@aws-sdk/util-locate-window': 3.170.0
      '@aws-sdk/util-utf8-browser': 3.170.0
      tslib: 1.14.1
    dev: false

  /@aws-crypto/sha256-js/2.0.0:
    resolution: {integrity: sha512-VZY+mCY4Nmrs5WGfitmNqXzaE873fcIZDu54cbaDaaamsaTOP1DBImV9F4pICc3EHjQXujyE8jig+PFCaew9ig==}
    dependencies:
      '@aws-crypto/util': 2.0.2
      '@aws-sdk/types': 3.178.0
      tslib: 1.14.1
    dev: false

  /@aws-crypto/supports-web-crypto/2.0.2:
    resolution: {integrity: sha512-6mbSsLHwZ99CTOOswvCRP3C+VCWnzBf+1SnbWxzzJ9lR0mA0JnY2JEAhp8rqmTE0GPFy88rrM27ffgp62oErMQ==}
    dependencies:
      tslib: 1.14.1
    dev: false

  /@aws-crypto/util/2.0.2:
    resolution: {integrity: sha512-Lgu5v/0e/BcrZ5m/IWqzPUf3UYFTy/PpeED+uc9SWUR1iZQL8XXbGQg10UfllwwBryO3hFF5dizK+78aoXC1eA==}
    dependencies:
      '@aws-sdk/types': 3.178.0
      '@aws-sdk/util-utf8-browser': 3.170.0
      tslib: 1.14.1
    dev: false

  /@aws-sdk/abort-controller/3.178.0:
    resolution: {integrity: sha512-ptDkCB06BJrYdhKzamM9yI15LxcGkPczY80hzKAY/aecm09alnW27uCt5HJJx2nCd18IUH28ZO1sc7DTLOWb3A==}
    engines: {node: '>= 12.0.0'}
    dependencies:
      '@aws-sdk/types': 3.178.0
      tslib: 2.4.0
    dev: false

  /@aws-sdk/client-lambda/3.180.0:
    resolution: {integrity: sha512-yLyTQDc9cIJecJMSo0wc+RTv6uMyL4Fk2CV8UecB70z15SwQgpbjDX2z3Z7opC9VHHFRGxuKmAE7EhxI6ztkqA==}
    engines: {node: '>=12.0.0'}
    dependencies:
      '@aws-crypto/sha256-browser': 2.0.0
      '@aws-crypto/sha256-js': 2.0.0
      '@aws-sdk/client-sts': 3.180.0
      '@aws-sdk/config-resolver': 3.178.0
      '@aws-sdk/credential-provider-node': 3.180.0
      '@aws-sdk/fetch-http-handler': 3.178.0
      '@aws-sdk/hash-node': 3.178.0
      '@aws-sdk/invalid-dependency': 3.178.0
      '@aws-sdk/middleware-content-length': 3.178.0
      '@aws-sdk/middleware-host-header': 3.178.0
      '@aws-sdk/middleware-logger': 3.178.0
      '@aws-sdk/middleware-recursion-detection': 3.178.0
      '@aws-sdk/middleware-retry': 3.178.0
      '@aws-sdk/middleware-serde': 3.178.0
      '@aws-sdk/middleware-signing': 3.179.0
      '@aws-sdk/middleware-stack': 3.178.0
      '@aws-sdk/middleware-user-agent': 3.178.0
      '@aws-sdk/node-config-provider': 3.178.0
      '@aws-sdk/node-http-handler': 3.178.0
      '@aws-sdk/protocol-http': 3.178.0
      '@aws-sdk/smithy-client': 3.180.0
      '@aws-sdk/types': 3.178.0
      '@aws-sdk/url-parser': 3.178.0
      '@aws-sdk/util-base64-browser': 3.170.0
      '@aws-sdk/util-base64-node': 3.170.0
      '@aws-sdk/util-body-length-browser': 3.170.0
      '@aws-sdk/util-body-length-node': 3.170.0
      '@aws-sdk/util-defaults-mode-browser': 3.180.0
      '@aws-sdk/util-defaults-mode-node': 3.180.0
      '@aws-sdk/util-user-agent-browser': 3.178.0
      '@aws-sdk/util-user-agent-node': 3.178.0
      '@aws-sdk/util-utf8-browser': 3.170.0
      '@aws-sdk/util-utf8-node': 3.170.0
      '@aws-sdk/util-waiter': 3.180.0
      tslib: 2.4.0
    transitivePeerDependencies:
      - aws-crt
    dev: false

  /@aws-sdk/client-sso/3.180.0:
    resolution: {integrity: sha512-wwhGa+Jksc4NE+4MZVv0Jkvt1C10/Gd5NATiv+hjcCY7DdxQ31UsbUrbZ38tBK8XX+vqFlcrP1AsoXNvrjBBVw==}
    engines: {node: '>=12.0.0'}
    dependencies:
      '@aws-crypto/sha256-browser': 2.0.0
      '@aws-crypto/sha256-js': 2.0.0
      '@aws-sdk/config-resolver': 3.178.0
      '@aws-sdk/fetch-http-handler': 3.178.0
      '@aws-sdk/hash-node': 3.178.0
      '@aws-sdk/invalid-dependency': 3.178.0
      '@aws-sdk/middleware-content-length': 3.178.0
      '@aws-sdk/middleware-host-header': 3.178.0
      '@aws-sdk/middleware-logger': 3.178.0
      '@aws-sdk/middleware-recursion-detection': 3.178.0
      '@aws-sdk/middleware-retry': 3.178.0
      '@aws-sdk/middleware-serde': 3.178.0
      '@aws-sdk/middleware-stack': 3.178.0
      '@aws-sdk/middleware-user-agent': 3.178.0
      '@aws-sdk/node-config-provider': 3.178.0
      '@aws-sdk/node-http-handler': 3.178.0
      '@aws-sdk/protocol-http': 3.178.0
      '@aws-sdk/smithy-client': 3.180.0
      '@aws-sdk/types': 3.178.0
      '@aws-sdk/url-parser': 3.178.0
      '@aws-sdk/util-base64-browser': 3.170.0
      '@aws-sdk/util-base64-node': 3.170.0
      '@aws-sdk/util-body-length-browser': 3.170.0
      '@aws-sdk/util-body-length-node': 3.170.0
      '@aws-sdk/util-defaults-mode-browser': 3.180.0
      '@aws-sdk/util-defaults-mode-node': 3.180.0
      '@aws-sdk/util-user-agent-browser': 3.178.0
      '@aws-sdk/util-user-agent-node': 3.178.0
      '@aws-sdk/util-utf8-browser': 3.170.0
      '@aws-sdk/util-utf8-node': 3.170.0
      tslib: 2.4.0
    transitivePeerDependencies:
      - aws-crt
    dev: false

  /@aws-sdk/client-sts/3.180.0:
    resolution: {integrity: sha512-QSgbYPrZ1QZTaxV3fwziVPvctwaAjdTMxA4VSMDh2yTFPIDmA8IMi8doEAcRaJeUK5n9UR8O3oWOs+wAs9Mkpw==}
    engines: {node: '>=12.0.0'}
    dependencies:
      '@aws-crypto/sha256-browser': 2.0.0
      '@aws-crypto/sha256-js': 2.0.0
      '@aws-sdk/config-resolver': 3.178.0
      '@aws-sdk/credential-provider-node': 3.180.0
      '@aws-sdk/fetch-http-handler': 3.178.0
      '@aws-sdk/hash-node': 3.178.0
      '@aws-sdk/invalid-dependency': 3.178.0
      '@aws-sdk/middleware-content-length': 3.178.0
      '@aws-sdk/middleware-host-header': 3.178.0
      '@aws-sdk/middleware-logger': 3.178.0
      '@aws-sdk/middleware-recursion-detection': 3.178.0
      '@aws-sdk/middleware-retry': 3.178.0
      '@aws-sdk/middleware-sdk-sts': 3.179.0
      '@aws-sdk/middleware-serde': 3.178.0
      '@aws-sdk/middleware-signing': 3.179.0
      '@aws-sdk/middleware-stack': 3.178.0
      '@aws-sdk/middleware-user-agent': 3.178.0
      '@aws-sdk/node-config-provider': 3.178.0
      '@aws-sdk/node-http-handler': 3.178.0
      '@aws-sdk/protocol-http': 3.178.0
      '@aws-sdk/smithy-client': 3.180.0
      '@aws-sdk/types': 3.178.0
      '@aws-sdk/url-parser': 3.178.0
      '@aws-sdk/util-base64-browser': 3.170.0
      '@aws-sdk/util-base64-node': 3.170.0
      '@aws-sdk/util-body-length-browser': 3.170.0
      '@aws-sdk/util-body-length-node': 3.170.0
      '@aws-sdk/util-defaults-mode-browser': 3.180.0
      '@aws-sdk/util-defaults-mode-node': 3.180.0
      '@aws-sdk/util-user-agent-browser': 3.178.0
      '@aws-sdk/util-user-agent-node': 3.178.0
      '@aws-sdk/util-utf8-browser': 3.170.0
      '@aws-sdk/util-utf8-node': 3.170.0
      entities: 2.2.0
      fast-xml-parser: 3.19.0
      tslib: 2.4.0
    transitivePeerDependencies:
      - aws-crt
    dev: false

  /@aws-sdk/config-resolver/3.178.0:
    resolution: {integrity: sha512-8xL98TGMaVULIN7HRWV2q1o0Y2p38QuweehzM8yXCZrrLOyHgWo3waP2RNVeddOB7MrSwwU/gw9rXSv7YHLZ6w==}
    engines: {node: '>= 12.0.0'}
    dependencies:
      '@aws-sdk/signature-v4': 3.178.0
      '@aws-sdk/types': 3.178.0
      '@aws-sdk/util-config-provider': 3.170.0
      '@aws-sdk/util-middleware': 3.178.0
      tslib: 2.4.0
    dev: false

  /@aws-sdk/credential-provider-env/3.178.0:
    resolution: {integrity: sha512-5CMswTJ188RuK9TmI5yAosIsyu4Mm9Cdq1068tRls5EqqwGK1PI7Q007b6rD7zqCb5IgeFBV0t2DxHkBmHRd3w==}
    engines: {node: '>= 12.0.0'}
    dependencies:
      '@aws-sdk/property-provider': 3.178.0
      '@aws-sdk/types': 3.178.0
      tslib: 2.4.0
    dev: false

  /@aws-sdk/credential-provider-imds/3.178.0:
    resolution: {integrity: sha512-ZvqQTi3+S13LACVgaWNCOKBv5jROIz7rqyZh56QunAkaAUqPbpM4VFODgAGZYPCOSggZbEUUqXOVB9xSnshLnA==}
    engines: {node: '>= 12.0.0'}
    dependencies:
      '@aws-sdk/node-config-provider': 3.178.0
      '@aws-sdk/property-provider': 3.178.0
      '@aws-sdk/types': 3.178.0
      '@aws-sdk/url-parser': 3.178.0
      tslib: 2.4.0
    dev: false

  /@aws-sdk/credential-provider-ini/3.180.0:
    resolution: {integrity: sha512-P4fqj0WRHoQ/eGhym/QJNl3AndDN9vyOuDSIyOWLky+ngy/pGznZyzQzhyq7Cju0mgnBeFDac6Evq0aHax1iOA==}
    engines: {node: '>= 12.0.0'}
    dependencies:
      '@aws-sdk/credential-provider-env': 3.178.0
      '@aws-sdk/credential-provider-imds': 3.178.0
      '@aws-sdk/credential-provider-sso': 3.180.0
      '@aws-sdk/credential-provider-web-identity': 3.178.0
      '@aws-sdk/property-provider': 3.178.0
      '@aws-sdk/shared-ini-file-loader': 3.178.0
      '@aws-sdk/types': 3.178.0
      tslib: 2.4.0
    transitivePeerDependencies:
      - aws-crt
    dev: false

  /@aws-sdk/credential-provider-node/3.180.0:
    resolution: {integrity: sha512-M3vevtIcTAlROJEJo2WIVDVrL077vh1j3w0b5IwizCvcpHBiZ+2agWcFVR/NfCvFbdYjZd49otGnbCUMHWiRcA==}
    engines: {node: '>=12.0.0'}
    dependencies:
      '@aws-sdk/credential-provider-env': 3.178.0
      '@aws-sdk/credential-provider-imds': 3.178.0
      '@aws-sdk/credential-provider-ini': 3.180.0
      '@aws-sdk/credential-provider-process': 3.178.0
      '@aws-sdk/credential-provider-sso': 3.180.0
      '@aws-sdk/credential-provider-web-identity': 3.178.0
      '@aws-sdk/property-provider': 3.178.0
      '@aws-sdk/shared-ini-file-loader': 3.178.0
      '@aws-sdk/types': 3.178.0
      tslib: 2.4.0
    transitivePeerDependencies:
      - aws-crt
    dev: false

  /@aws-sdk/credential-provider-process/3.178.0:
    resolution: {integrity: sha512-J4TldKrAnfayvRfxNEnLJUnTgkpTcct6rc7PwZlVSGSUgjglbcqfemUOP/pisLKbVNNL742lsUXmkUVH4km0Fw==}
    engines: {node: '>= 12.0.0'}
    dependencies:
      '@aws-sdk/property-provider': 3.178.0
      '@aws-sdk/shared-ini-file-loader': 3.178.0
      '@aws-sdk/types': 3.178.0
      tslib: 2.4.0
    dev: false

  /@aws-sdk/credential-provider-sso/3.180.0:
    resolution: {integrity: sha512-hv8qME1ISd6GN+YCa0WK73xL6p2Sx0JiSRTzgb5bvGcdxVGLzvIlFd0VAtVhP7d84Prf6EeGz0+sGEEYRusw2w==}
    engines: {node: '>= 12.0.0'}
    dependencies:
      '@aws-sdk/client-sso': 3.180.0
      '@aws-sdk/property-provider': 3.178.0
      '@aws-sdk/shared-ini-file-loader': 3.178.0
      '@aws-sdk/types': 3.178.0
      tslib: 2.4.0
    transitivePeerDependencies:
      - aws-crt
    dev: false

  /@aws-sdk/credential-provider-web-identity/3.178.0:
    resolution: {integrity: sha512-aei8o9ALtzwgYsZCAWdr+ItJyYTkYRmCoKstM4mkGtWNK9BjdISaVUAnndl6Pc/l/5eiK+2rlA+6Ujs4H8m+XQ==}
    engines: {node: '>= 12.0.0'}
    dependencies:
      '@aws-sdk/property-provider': 3.178.0
      '@aws-sdk/types': 3.178.0
      tslib: 2.4.0
    dev: false

  /@aws-sdk/fetch-http-handler/3.178.0:
    resolution: {integrity: sha512-T/LCNwCihdVNzGn39Dw7tk2U1fMlupFlCsAvDBbO+FOM3h+y9WLHzxmlAVsjPrFXlzdONKf9zd5cuQ+ZW93yAQ==}
    dependencies:
      '@aws-sdk/protocol-http': 3.178.0
      '@aws-sdk/querystring-builder': 3.178.0
      '@aws-sdk/types': 3.178.0
      '@aws-sdk/util-base64-browser': 3.170.0
      tslib: 2.4.0
    dev: false

  /@aws-sdk/hash-node/3.178.0:
    resolution: {integrity: sha512-mqYraRQlvPO5egUKTNZ1kP52sfwBlsz7woOewQTHOGomZBDXrh8bl1J+sgaDi1NAwXdZUgxuD3QKxxAKRs9a2Q==}
    engines: {node: '>= 12.0.0'}
    dependencies:
      '@aws-sdk/types': 3.178.0
      '@aws-sdk/util-buffer-from': 3.170.0
      tslib: 2.4.0
    dev: false

  /@aws-sdk/invalid-dependency/3.178.0:
    resolution: {integrity: sha512-JJNaiLr3nbRYym6oUAAaoFFYtDnIZ9Scco2p4sG/thT2eyAfXcEdNl1cSD3E/R1J+Ml/YplqTiIY4u1KPAriRw==}
    dependencies:
      '@aws-sdk/types': 3.178.0
      tslib: 2.4.0
    dev: false

  /@aws-sdk/is-array-buffer/3.170.0:
    resolution: {integrity: sha512-yYXqgp8rilBckIvNRs22yAXHKcXb86/g+F+hsTZl38OJintTsLQB//O5v6EQTYhSW7T3wMe1NHDrjZ+hFjAy4Q==}
    engines: {node: '>= 12.0.0'}
    dependencies:
      tslib: 2.4.0
    dev: false

  /@aws-sdk/middleware-content-length/3.178.0:
    resolution: {integrity: sha512-p3n3IzU03eRzZivEoQn1HA83LbAKukZwRevsJpya1UfCUtWkXQO3v0jU8rhZE4deGa9k7zuCAEmJ8nCw3QxclQ==}
    engines: {node: '>= 12.0.0'}
    dependencies:
      '@aws-sdk/protocol-http': 3.178.0
      '@aws-sdk/types': 3.178.0
      tslib: 2.4.0
    dev: false

  /@aws-sdk/middleware-host-header/3.178.0:
    resolution: {integrity: sha512-EFc9S63iwCmudVpVSiVPiTnp6WCfsRYUmTrZJJouZzthEhJwcrunwu7Fa9lHYb0zcWLgVFLhzs1Z34J/Er4JoQ==}
    engines: {node: '>= 12.0.0'}
    dependencies:
      '@aws-sdk/protocol-http': 3.178.0
      '@aws-sdk/types': 3.178.0
      tslib: 2.4.0
    dev: false

  /@aws-sdk/middleware-logger/3.178.0:
    resolution: {integrity: sha512-k4jnB+ryGiAhv6vyNFz2YoaVodldjkbz4mqDlVzhwEn77LT/TcwdBoown3cJD/45LEtiuPqeONoTcNCsuCkRFQ==}
    engines: {node: '>= 12.0.0'}
    dependencies:
      '@aws-sdk/types': 3.178.0
      tslib: 2.4.0
    dev: false

  /@aws-sdk/middleware-recursion-detection/3.178.0:
    resolution: {integrity: sha512-dVgSoP2Mer8A0JGaWgpC/f4vPyvHh7laES/u5sTy6RfwrR87oTx+uhKrc6eh+9NkMR2xdRyaNJAMIXwL5bsVzg==}
    engines: {node: '>= 12.0.0'}
    dependencies:
      '@aws-sdk/protocol-http': 3.178.0
      '@aws-sdk/types': 3.178.0
      tslib: 2.4.0
    dev: false

  /@aws-sdk/middleware-retry/3.178.0:
    resolution: {integrity: sha512-glBXpAqt+4KQ7q8y2/kwDX2ujCvCSQok5rlAmUjaQjVPc3cX77QwATIRQTS2nBC4v9tfMc7yL64ZeRbx6n0RAQ==}
    engines: {node: '>= 12.0.0'}
    dependencies:
      '@aws-sdk/protocol-http': 3.178.0
      '@aws-sdk/service-error-classification': 3.178.0
      '@aws-sdk/types': 3.178.0
      '@aws-sdk/util-middleware': 3.178.0
      tslib: 2.4.0
      uuid: 8.3.2
    dev: false

  /@aws-sdk/middleware-sdk-sts/3.179.0:
    resolution: {integrity: sha512-uU9UdG9ornvblXdLLNsZNpgMOA9vgFMB93zo3DL/Q6MPmYprZYyK7dUiA06i1pe4HP2gR3N3hxXwzmKU6Bjt6A==}
    engines: {node: '>= 12.0.0'}
    dependencies:
      '@aws-sdk/middleware-signing': 3.179.0
      '@aws-sdk/property-provider': 3.178.0
      '@aws-sdk/protocol-http': 3.178.0
      '@aws-sdk/signature-v4': 3.178.0
      '@aws-sdk/types': 3.178.0
      tslib: 2.4.0
    dev: false

  /@aws-sdk/middleware-serde/3.178.0:
    resolution: {integrity: sha512-TERiu/B4hYi5Jd4iQN9ECTWbt2IZweAgFB010MboM4CAPm6EcszEc/uCB4faLZNdJaksk1BhAR7koURcda8Sew==}
    engines: {node: '>= 12.0.0'}
    dependencies:
      '@aws-sdk/types': 3.178.0
      tslib: 2.4.0
    dev: false

  /@aws-sdk/middleware-signing/3.179.0:
    resolution: {integrity: sha512-rtB6t3w1Km3ngO1yoiEUqsobujcBk36oPs2fTUKTbmuTr+54YH3NF0zAwVJv08lpfAs56holtp+bYyAxZJIxSQ==}
    engines: {node: '>= 12.0.0'}
    dependencies:
      '@aws-sdk/property-provider': 3.178.0
      '@aws-sdk/protocol-http': 3.178.0
      '@aws-sdk/signature-v4': 3.178.0
      '@aws-sdk/types': 3.178.0
      '@aws-sdk/util-middleware': 3.178.0
      tslib: 2.4.0
    dev: false

  /@aws-sdk/middleware-stack/3.178.0:
    resolution: {integrity: sha512-ELYM5Imhlcz2zT1Z4OjVZwO564KvI4L9dMBxuUgO0fwommzjWqxR03yaRGhpGwpCP64d0Op5Koc/RKq5V92Wbw==}
    engines: {node: '>= 12.0.0'}
    dependencies:
      tslib: 2.4.0
    dev: false

  /@aws-sdk/middleware-user-agent/3.178.0:
    resolution: {integrity: sha512-xkKBxrFbs+UwUPpfIGEPuHeBWS2Jgmcd+ipEJUQRR3lY4h1fJ6mPGeyyaVDvwaJp9KgESSI6QTp6V15l8GXXgQ==}
    engines: {node: '>= 12.0.0'}
    dependencies:
      '@aws-sdk/protocol-http': 3.178.0
      '@aws-sdk/types': 3.178.0
      tslib: 2.4.0
    dev: false

  /@aws-sdk/node-config-provider/3.178.0:
    resolution: {integrity: sha512-yb5XJcC7SxkZ5oxu3zQ/foBdMkLBKryzx/CVg5BNSsKDjfbouf/ZYPcJDHhc2gzCtZcx18GjFBOnv8cpo/tyXQ==}
    engines: {node: '>= 12.0.0'}
    dependencies:
      '@aws-sdk/property-provider': 3.178.0
      '@aws-sdk/shared-ini-file-loader': 3.178.0
      '@aws-sdk/types': 3.178.0
      tslib: 2.4.0
    dev: false

  /@aws-sdk/node-http-handler/3.178.0:
    resolution: {integrity: sha512-EtH6YiX1IX0QraQ/+kKBWAEtsFYBnFyxOimTBtlpDYwFpgDzIZ1GFn2wORYomEWALg10kphs8n3E5/7b5t5OWQ==}
    engines: {node: '>= 12.0.0'}
    dependencies:
      '@aws-sdk/abort-controller': 3.178.0
      '@aws-sdk/protocol-http': 3.178.0
      '@aws-sdk/querystring-builder': 3.178.0
      '@aws-sdk/types': 3.178.0
      tslib: 2.4.0
    dev: false

  /@aws-sdk/property-provider/3.178.0:
    resolution: {integrity: sha512-+Fh1aUANa+Gt/rh4SUHO0yHwKsibyZGk2LLDUcM1+9r0pUZT0qy3h0UCl5Kkj9HUcDJMD73wHTx4UB440xRobw==}
    engines: {node: '>= 12.0.0'}
    dependencies:
      '@aws-sdk/types': 3.178.0
      tslib: 2.4.0
    dev: false

  /@aws-sdk/protocol-http/3.178.0:
    resolution: {integrity: sha512-GsnANW60mVYMlE16UGNSOwYZ6TbkoODvmDQi95SEPjM7asf4vihEyDvhxiGS/JvC18UyxRVWT89l/V3hR/SF7w==}
    engines: {node: '>= 12.0.0'}
    dependencies:
      '@aws-sdk/types': 3.178.0
      tslib: 2.4.0
    dev: false

  /@aws-sdk/querystring-builder/3.178.0:
    resolution: {integrity: sha512-vJXlExSshlHtGVvan/U6JihWvzf8t9QwH5I4F6HUY+exxMy5vFDYCnNqGAzbJwq7w/HME1gQWLoXq2k0uODz7g==}
    engines: {node: '>= 12.0.0'}
    dependencies:
      '@aws-sdk/types': 3.178.0
      '@aws-sdk/util-uri-escape': 3.170.0
      tslib: 2.4.0
    dev: false

  /@aws-sdk/querystring-parser/3.178.0:
    resolution: {integrity: sha512-dp3pLnsOvAcIF7Yn2PY5CIVWX7GvC33nSlWDYeLeCMapccwTbe6zBqreWbScmIGJra4QJTdjccpwo2Yxwhr5QQ==}
    engines: {node: '>= 12.0.0'}
    dependencies:
      '@aws-sdk/types': 3.178.0
      tslib: 2.4.0
    dev: false

  /@aws-sdk/service-error-classification/3.178.0:
    resolution: {integrity: sha512-tDKTBXxck2N4bhAnQaeokx9ps38V3G70lcDdHS/N9hmqcQQmH5x+1/AMwYWLjUZmOQPBW9sFoG4B3psnl+sefw==}
    engines: {node: '>= 12.0.0'}
    dev: false

  /@aws-sdk/shared-ini-file-loader/3.178.0:
    resolution: {integrity: sha512-nZGmuhGLDFbXsb7QYDg7PiPMAmsdlSshKJ+AhKSZF/J0SK94kdZgGnGXGUZe52S3G41E3CZIgnLnnsMXq0uErA==}
    engines: {node: '>= 12.0.0'}
    dependencies:
      tslib: 2.4.0
    dev: false

  /@aws-sdk/signature-v4/3.178.0:
    resolution: {integrity: sha512-8oOx6o0uOqlCDPM0dszfR1WHqd0E1VuFqez8iNItp0DhmhaCuanEwKYYA6HOkVu/MA6CsG6zDIJaFr5ODU2NvQ==}
    engines: {node: '>= 12.0.0'}
    dependencies:
      '@aws-sdk/is-array-buffer': 3.170.0
      '@aws-sdk/types': 3.178.0
      '@aws-sdk/util-hex-encoding': 3.170.0
      '@aws-sdk/util-middleware': 3.178.0
      '@aws-sdk/util-uri-escape': 3.170.0
      tslib: 2.4.0
    dev: false

  /@aws-sdk/smithy-client/3.180.0:
    resolution: {integrity: sha512-1vWafiUdn6RvOsD4CyNjMeDtDujuPi4Iq4Db6HrFmVPpJAutOLlCg52Dt7k96KCcIKgxVAs6Br0Waef+pcoGNA==}
    engines: {node: '>= 12.0.0'}
    dependencies:
      '@aws-sdk/middleware-stack': 3.178.0
      '@aws-sdk/types': 3.178.0
      tslib: 2.4.0
    dev: false

  /@aws-sdk/types/3.178.0:
    resolution: {integrity: sha512-CrHxHzXSEr/Z3NLFvJgSGHGcD9tYUZ0Rhp8tFCSpD3TpBo3/Y7RIvqaEPvECsL52UEloeBhQf65AO8590YkVmQ==}
    engines: {node: '>= 12.0.0'}
    dev: false

  /@aws-sdk/url-parser/3.178.0:
    resolution: {integrity: sha512-+Ch29d+IZG6zD1gNDVgFC00huY8ytrPdijAuNJ4DtPBTGP4zbrImw3js0GfvfBjLrQYBnclcAvSx4J1Q/8tqBQ==}
    dependencies:
      '@aws-sdk/querystring-parser': 3.178.0
      '@aws-sdk/types': 3.178.0
      tslib: 2.4.0
    dev: false

  /@aws-sdk/util-base64-browser/3.170.0:
    resolution: {integrity: sha512-uLP9Kp74+jc+UWI392LSWIaUj9eXZBhkAiSm8dXAyrr+5GFOKvmEdidFoZKKcFcZ2v3RMonDgFVcDBiZ33w7BQ==}
    dependencies:
      tslib: 2.4.0
    dev: false

  /@aws-sdk/util-base64-node/3.170.0:
    resolution: {integrity: sha512-sjpOmfyW0RWCLXU8Du0ZtwgFoxIuKQIyVygXJ4qxByoa3jIUJXf4U33uSRMy47V3JoogdZuKSpND9hiNk2wU4w==}
    engines: {node: '>= 12.0.0'}
    dependencies:
      '@aws-sdk/util-buffer-from': 3.170.0
      tslib: 2.4.0
    dev: false

  /@aws-sdk/util-body-length-browser/3.170.0:
    resolution: {integrity: sha512-SqSWA++gsZgHw6tlcEXx9K6R6cVKNYzOq6bca+NR7jXvy1hfqiv9Gx5TZrG4oL4JziP8QA0fTklmI1uQJ4HBRA==}
    dependencies:
      tslib: 2.4.0
    dev: false

  /@aws-sdk/util-body-length-node/3.170.0:
    resolution: {integrity: sha512-sFb85ngsgfpamwDn22LC/+FkbDTNiddbMHptkajw+CAD2Rb4SJDp2PfXZ6k883BueJWhmxZ9+lApHZqYtgPdzw==}
    engines: {node: '>= 12.0.0'}
    dependencies:
      tslib: 2.4.0
    dev: false

  /@aws-sdk/util-buffer-from/3.170.0:
    resolution: {integrity: sha512-3ClE3wgN/Zw0ahfVAY5KQ/y3K2c+SYHwVUQaGSuVQlPOCDInGYjE/XEFwCeGJzncRPHIKDRPEsHCpm1uwgwEqQ==}
    engines: {node: '>= 12.0.0'}
    dependencies:
      '@aws-sdk/is-array-buffer': 3.170.0
      tslib: 2.4.0
    dev: false

  /@aws-sdk/util-config-provider/3.170.0:
    resolution: {integrity: sha512-VV6lfss6Go00TF2hRVJnN8Uf2FOwC++1e8glaeU7fMWluYCBjwl+116mPOPFaxvkJCg0dui2tFroXioslM/rvQ==}
    engines: {node: '>= 12.0.0'}
    dependencies:
      tslib: 2.4.0
    dev: false

  /@aws-sdk/util-defaults-mode-browser/3.180.0:
    resolution: {integrity: sha512-XGq/RUuhqnLlApETBmBWDszNG4TR3FCOSNwFvok1UIPgFXxjh0JOzNc5mAX1St2hfx1IDb9Ja4BmTkYKix7byg==}
    engines: {node: '>= 10.0.0'}
    dependencies:
      '@aws-sdk/property-provider': 3.178.0
      '@aws-sdk/types': 3.178.0
      bowser: 2.11.0
      tslib: 2.4.0
    dev: false

  /@aws-sdk/util-defaults-mode-node/3.180.0:
    resolution: {integrity: sha512-ch9VR4OKYGEaNbLhX/EyZDpNZst5T+/VYsFyqMA47J0YyMbg7GWyn2FjjhZ7qOV3XU6W8YEBNdd7U/LFFVp8uA==}
    engines: {node: '>= 10.0.0'}
    dependencies:
      '@aws-sdk/config-resolver': 3.178.0
      '@aws-sdk/credential-provider-imds': 3.178.0
      '@aws-sdk/node-config-provider': 3.178.0
      '@aws-sdk/property-provider': 3.178.0
      '@aws-sdk/types': 3.178.0
      tslib: 2.4.0
    dev: false

  /@aws-sdk/util-hex-encoding/3.170.0:
    resolution: {integrity: sha512-BDYyMqaxX4/N7rYOIYlqgpZaBuHw3kNXKgOkWtJdzndIZbQX8HnyJ+rF0Pr1aVsOpVDM+fY1prERleFh/ZRTCg==}
    engines: {node: '>= 12.0.0'}
    dependencies:
      tslib: 2.4.0
    dev: false

  /@aws-sdk/util-locate-window/3.170.0:
    resolution: {integrity: sha512-uQvn3ZaAokWcNSY+tNR71RGXPPncv5ejrpGa/MGOCioeBjkU5n5OJp7BdaTGouZu4fffeVpdZJ/ZNld8LWMgLw==}
    engines: {node: '>= 12.0.0'}
    dependencies:
      tslib: 2.4.0
    dev: false

  /@aws-sdk/util-middleware/3.178.0:
    resolution: {integrity: sha512-93WgrJKuwtv3f2r1Q04emzjMiwpYR5hysOHKMkrGOvAVZdDqe1UTjmtuxQadVi3DBr1KOT/d5uP9MjV8LqaUUA==}
    engines: {node: '>= 12.0.0'}
    dependencies:
      tslib: 2.4.0
    dev: false

  /@aws-sdk/util-uri-escape/3.170.0:
    resolution: {integrity: sha512-Fof0urZ3Lx6z6LNKSEO6T4DNaNh6sLJaSWFaC6gtVDPux/C3R7wy2RQRDp0baHxE8m1KMB0XnKzHizJNrbDI1w==}
    engines: {node: '>= 12.0.0'}
    dependencies:
      tslib: 2.4.0
    dev: false

  /@aws-sdk/util-user-agent-browser/3.178.0:
    resolution: {integrity: sha512-LxOrn7Ai88n0i5J5rTb5Bt0TAycPvDYzjdCwmd2mahsPHZGSDLeCeh6KOIxZsEfnzYRl4HGWvIEXdHIYZ3RTug==}
    dependencies:
      '@aws-sdk/types': 3.178.0
      bowser: 2.11.0
      tslib: 2.4.0
    dev: false

  /@aws-sdk/util-user-agent-node/3.178.0:
    resolution: {integrity: sha512-TrP6v+V4Qnv3E9CNgwR/G+1xiy8fa9j5LAm43qwp9PfJHchNyWOJ0FURD3Ne2sm/388Ybzjb1DRYRZ7B+xbnOw==}
    engines: {node: '>= 12.0.0'}
    peerDependencies:
      aws-crt: '>=1.0.0'
    peerDependenciesMeta:
      aws-crt:
        optional: true
    dependencies:
      '@aws-sdk/node-config-provider': 3.178.0
      '@aws-sdk/types': 3.178.0
      tslib: 2.4.0
    dev: false

  /@aws-sdk/util-utf8-browser/3.170.0:
    resolution: {integrity: sha512-tJby9krepSwDsBK+KQF5ACacZQ4LH1Aheh5Dy0pghxsN/9IRw7kMWTumuRCnSntLFFphDD7GM494/Dvnl1UCLA==}
    dependencies:
      tslib: 2.4.0
    dev: false

  /@aws-sdk/util-utf8-node/3.170.0:
    resolution: {integrity: sha512-52QWGNoNQoyT2CuoQz6LjBKxHQtN/ceMFLW+9J1E0I1ni8XTuTYP52BlMe5484KkmZKsHOm+EWe4xuwwVetTxg==}
    engines: {node: '>= 12.0.0'}
    dependencies:
      '@aws-sdk/util-buffer-from': 3.170.0
      tslib: 2.4.0
    dev: false

  /@aws-sdk/util-waiter/3.180.0:
    resolution: {integrity: sha512-fDBGplYp6pIIfrB7073tUhU4zppRaSiPjBCCT00yth9woWwZPUCIg7iQZKEqkBmvCzcJSYn0jRopLhf3Y7i5Wg==}
    engines: {node: '>= 12.0.0'}
    dependencies:
      '@aws-sdk/abort-controller': 3.178.0
      '@aws-sdk/types': 3.178.0
      tslib: 2.4.0
    dev: false

  /@esbuild/android-arm/0.15.9:
    resolution: {integrity: sha512-VZPy/ETF3fBG5PiinIkA0W/tlsvlEgJccyN2DzWZEl0DlVKRbu91PvY2D6Lxgluj4w9QtYHjOWjAT44C+oQ+EQ==}
    engines: {node: '>=12'}
    cpu: [arm]
    os: [android]
    requiresBuild: true
    dev: true
    optional: true

  /@esbuild/linux-loong64/0.15.9:
    resolution: {integrity: sha512-O+NfmkfRrb3uSsTa4jE3WApidSe3N5++fyOVGP1SmMZi4A3BZELkhUUvj5hwmMuNdlpzAZ8iAPz2vmcR7DCFQA==}
    engines: {node: '>=12'}
    cpu: [loong64]
    os: [linux]
    requiresBuild: true
    dev: true
    optional: true

  /@types/aws-lambda/8.10.106:
    resolution: {integrity: sha512-yzgMaql7aW1by1XuhKhovuhLyK/1A60lapFXDXXBeHmoyRGQFO2T8lkL3g8hAhHoW5PEvqPJFWPd8jvXiRnxeQ==}
    dev: true

  /@types/node/18.7.23:
    resolution: {integrity: sha512-DWNcCHolDq0ZKGizjx2DZjR/PqsYwAcYUJmfMWqtVU2MBMG5Mo+xFZrhGId5r/O5HOuMPyQEcM6KUBp5lBZZBg==}
    dev: true

  /bowser/2.11.0:
    resolution: {integrity: sha512-AlcaJBi/pqqJBIQ8U9Mcpc9i8Aqxn88Skv5d+xBX006BY5u8N3mGLHa5Lgppa7L/HfwgwLgZ6NYs+Ag6uUmJRA==}
    dev: false

  /entities/2.2.0:
    resolution: {integrity: sha512-p92if5Nz619I0w+akJrLZH0MX0Pb5DX39XOwQTtXSdQQOaYH03S1uIQp4mhOZtAXrxq4ViO67YTiLBo2638o9A==}
    dev: false

  /esbuild-android-64/0.15.9:
    resolution: {integrity: sha512-HQCX7FJn9T4kxZQkhPjNZC7tBWZqJvhlLHPU2SFzrQB/7nDXjmTIFpFTjt7Bd1uFpeXmuwf5h5fZm+x/hLnhbw==}
    engines: {node: '>=12'}
    cpu: [x64]
    os: [android]
    requiresBuild: true
    dev: true
    optional: true

  /esbuild-android-arm64/0.15.9:
    resolution: {integrity: sha512-E6zbLfqbFVCNEKircSHnPiSTsm3fCRxeIMPfrkS33tFjIAoXtwegQfVZqMGR0FlsvVxp2NEDOUz+WW48COCjSg==}
    engines: {node: '>=12'}
    cpu: [arm64]
    os: [android]
    requiresBuild: true
    dev: true
    optional: true

  /esbuild-darwin-64/0.15.9:
    resolution: {integrity: sha512-gI7dClcDN/HHVacZhTmGjl0/TWZcGuKJ0I7/xDGJwRQQn7aafZGtvagOFNmuOq+OBFPhlPv1T6JElOXb0unkSQ==}
    engines: {node: '>=12'}
    cpu: [x64]
    os: [darwin]
    requiresBuild: true
    dev: true
    optional: true

  /esbuild-darwin-arm64/0.15.9:
    resolution: {integrity: sha512-VZIMlcRN29yg/sv7DsDwN+OeufCcoTNaTl3Vnav7dL/nvsApD7uvhVRbgyMzv0zU/PP0xRhhIpTyc7lxEzHGSw==}
    engines: {node: '>=12'}
    cpu: [arm64]
    os: [darwin]
    requiresBuild: true
    dev: true
    optional: true

  /esbuild-freebsd-64/0.15.9:
    resolution: {integrity: sha512-uM4z5bTvuAXqPxrI204txhlsPIolQPWRMLenvGuCPZTnnGlCMF2QLs0Plcm26gcskhxewYo9LkkmYSS5Czrb5A==}
    engines: {node: '>=12'}
    cpu: [x64]
    os: [freebsd]
    requiresBuild: true
    dev: true
    optional: true

  /esbuild-freebsd-arm64/0.15.9:
    resolution: {integrity: sha512-HHDjT3O5gWzicGdgJ5yokZVN9K9KG05SnERwl9nBYZaCjcCgj/sX8Ps1jvoFSfNCO04JSsHSOWo4qvxFuj8FoA==}
    engines: {node: '>=12'}
    cpu: [arm64]
    os: [freebsd]
    requiresBuild: true
    dev: true
    optional: true

  /esbuild-linux-32/0.15.9:
    resolution: {integrity: sha512-AQIdE8FugGt1DkcekKi5ycI46QZpGJ/wqcMr7w6YUmOmp2ohQ8eO4sKUsOxNOvYL7hGEVwkndSyszR6HpVHLFg==}
    engines: {node: '>=12'}
    cpu: [ia32]
    os: [linux]
    requiresBuild: true
    dev: true
    optional: true

  /esbuild-linux-64/0.15.9:
    resolution: {integrity: sha512-4RXjae7g6Qs7StZyiYyXTZXBlfODhb1aBVAjd+ANuPmMhWthQilWo7rFHwJwL7DQu1Fjej2sODAVwLbcIVsAYQ==}
    engines: {node: '>=12'}
    cpu: [x64]
    os: [linux]
    requiresBuild: true
    dev: true
    optional: true

  /esbuild-linux-arm/0.15.9:
    resolution: {integrity: sha512-3Zf2GVGUOI7XwChH3qrnTOSqfV1V4CAc/7zLVm4lO6JT6wbJrTgEYCCiNSzziSju+J9Jhf9YGWk/26quWPC6yQ==}
    engines: {node: '>=12'}
    cpu: [arm]
    os: [linux]
    requiresBuild: true
    dev: true
    optional: true

  /esbuild-linux-arm64/0.15.9:
    resolution: {integrity: sha512-a+bTtxJmYmk9d+s2W4/R1SYKDDAldOKmWjWP0BnrWtDbvUBNOm++du0ysPju4mZVoEFgS1yLNW+VXnG/4FNwdQ==}
    engines: {node: '>=12'}
    cpu: [arm64]
    os: [linux]
    requiresBuild: true
    dev: true
    optional: true

  /esbuild-linux-mips64le/0.15.9:
    resolution: {integrity: sha512-Zn9HSylDp89y+TRREMDoGrc3Z4Hs5u56ozZLQCiZAUx2+HdbbXbWdjmw3FdTJ/i7t5Cew6/Q+6kfO3KCcFGlyw==}
    engines: {node: '>=12'}
    cpu: [mips64el]
    os: [linux]
    requiresBuild: true
    dev: true
    optional: true

  /esbuild-linux-ppc64le/0.15.9:
    resolution: {integrity: sha512-OEiOxNAMH9ENFYqRsWUj3CWyN3V8P3ZXyfNAtX5rlCEC/ERXrCEFCJji/1F6POzsXAzxvUJrTSTCy7G6BhA6Fw==}
    engines: {node: '>=12'}
    cpu: [ppc64]
    os: [linux]
    requiresBuild: true
    dev: true
    optional: true

  /esbuild-linux-riscv64/0.15.9:
    resolution: {integrity: sha512-ukm4KsC3QRausEFjzTsOZ/qqazw0YvJsKmfoZZm9QW27OHjk2XKSQGGvx8gIEswft/Sadp03/VZvAaqv5AIwNA==}
    engines: {node: '>=12'}
    cpu: [riscv64]
    os: [linux]
    requiresBuild: true
    dev: true
    optional: true

  /esbuild-linux-s390x/0.15.9:
    resolution: {integrity: sha512-uDOQEH55wQ6ahcIKzQr3VyjGc6Po/xblLGLoUk3fVL1qjlZAibtQr6XRfy5wPJLu/M2o0vQKLq4lyJ2r1tWKcw==}
    engines: {node: '>=12'}
    cpu: [s390x]
    os: [linux]
    requiresBuild: true
    dev: true
    optional: true

  /esbuild-netbsd-64/0.15.9:
    resolution: {integrity: sha512-yWgxaYTQz+TqX80wXRq6xAtb7GSBAp6gqLKfOdANg9qEmAI1Bxn04IrQr0Mzm4AhxvGKoHzjHjMgXbCCSSDxcw==}
    engines: {node: '>=12'}
    cpu: [x64]
    os: [netbsd]
    requiresBuild: true
    dev: true
    optional: true

  /esbuild-openbsd-64/0.15.9:
    resolution: {integrity: sha512-JmS18acQl4iSAjrEha1MfEmUMN4FcnnrtTaJ7Qg0tDCOcgpPPQRLGsZqhes0vmx8VA6IqRyScqXvaL7+Q0Uf3A==}
    engines: {node: '>=12'}
    cpu: [x64]
    os: [openbsd]
    requiresBuild: true
    dev: true
    optional: true

  /esbuild-sunos-64/0.15.9:
    resolution: {integrity: sha512-UKynGSWpzkPmXW3D2UMOD9BZPIuRaSqphxSCwScfEE05Be3KAmvjsBhht1fLzKpiFVJb0BYMd4jEbWMyJ/z1hQ==}
    engines: {node: '>=12'}
    cpu: [x64]
    os: [sunos]
    requiresBuild: true
    dev: true
    optional: true

  /esbuild-windows-32/0.15.9:
    resolution: {integrity: sha512-aqXvu4/W9XyTVqO/hw3rNxKE1TcZiEYHPsXM9LwYmKSX9/hjvfIJzXwQBlPcJ/QOxedfoMVH0YnhhQ9Ffb0RGA==}
    engines: {node: '>=12'}
    cpu: [ia32]
    os: [win32]
    requiresBuild: true
    dev: true
    optional: true

  /esbuild-windows-64/0.15.9:
    resolution: {integrity: sha512-zm7h91WUmlS4idMtjvCrEeNhlH7+TNOmqw5dJPJZrgFaxoFyqYG6CKDpdFCQXdyKpD5yvzaQBOMVTCBVKGZDEg==}
    engines: {node: '>=12'}
    cpu: [x64]
    os: [win32]
    requiresBuild: true
    dev: true
    optional: true

  /esbuild-windows-arm64/0.15.9:
    resolution: {integrity: sha512-yQEVIv27oauAtvtuhJVfSNMztJJX47ismRS6Sv2QMVV9RM+6xjbMWuuwM2nxr5A2/gj/mu2z9YlQxiwoFRCfZA==}
    engines: {node: '>=12'}
    cpu: [arm64]
    os: [win32]
    requiresBuild: true
    dev: true
    optional: true

  /esbuild/0.15.9:
    resolution: {integrity: sha512-OnYr1rkMVxtmMHIAKZLMcEUlJmqcbxBz9QoBU8G9v455na0fuzlT/GLu6l+SRghrk0Mm2fSSciMmzV43Q8e0Gg==}
    engines: {node: '>=12'}
    hasBin: true
    requiresBuild: true
    optionalDependencies:
      '@esbuild/android-arm': 0.15.9
      '@esbuild/linux-loong64': 0.15.9
      esbuild-android-64: 0.15.9
      esbuild-android-arm64: 0.15.9
      esbuild-darwin-64: 0.15.9
      esbuild-darwin-arm64: 0.15.9
      esbuild-freebsd-64: 0.15.9
      esbuild-freebsd-arm64: 0.15.9
      esbuild-linux-32: 0.15.9
      esbuild-linux-64: 0.15.9
      esbuild-linux-arm: 0.15.9
      esbuild-linux-arm64: 0.15.9
      esbuild-linux-mips64le: 0.15.9
      esbuild-linux-ppc64le: 0.15.9
      esbuild-linux-riscv64: 0.15.9
      esbuild-linux-s390x: 0.15.9
      esbuild-netbsd-64: 0.15.9
      esbuild-openbsd-64: 0.15.9
      esbuild-sunos-64: 0.15.9
      esbuild-windows-32: 0.15.9
      esbuild-windows-64: 0.15.9
      esbuild-windows-arm64: 0.15.9
    dev: true

  /fast-xml-parser/3.19.0:
    resolution: {integrity: sha512-4pXwmBplsCPv8FOY1WRakF970TjNGnGnfbOnLqjlYvMiF1SR3yOHyxMR/YCXpPTOspNF5gwudqktIP4VsWkvBg==}
    hasBin: true
    dev: false

  /tslib/1.14.1:
    resolution: {integrity: sha512-Xni35NKzjgMrwevysHTCArtLDpPvye8zV/0E4EyYn43P7/7qvQwPh9BGkHewbMulVntbigmcT7rdX3BNo9wRJg==}
    dev: false

  /tslib/2.4.0:
    resolution: {integrity: sha512-d6xOpEDfsi2CZVlPQzGeux8XMwLT9hssAsaPYExaQMuYskwb+x1x7J371tWlbBdWHroy99KnVB6qIkUbs5X3UQ==}
    dev: false

  /uuid/8.3.2:
    resolution: {integrity: sha512-+NYs2QeMWy+GWFOEm9xnn6HCDp0l7QBD7ml8zLUmJ+93Q5NF0NocErnwkTkXVFNiX3/fpC6afS8Dhb/gz7R7eg==}
    hasBin: true
    dev: false
